{
  "version": 4,
  "terraform_version": "1.3.9",
  "serial": 24,
  "lineage": "24104641-aab5-9f43-c273-e382bd8808e6",
  "outputs": {},
  "resources": [
    {
      "mode": "data",
      "type": "google_billing_account",
      "name": "acct",
      "provider": "provider[\"registry.terraform.io/hashicorp/google\"]",
      "instances": [
        {
          "schema_version": 0,
          "attributes": {
            "billing_account": null,
            "display_name": "My Billing Account",
            "id": "01008B-864FBC-49390E",
            "name": "billingAccounts/01008B-864FBC-49390E",
            "open": true,
            "project_ids": [
              "account-statements-283519",
              "account-statements-dev",
              "account-statements-prod",
              "dbt-bank-transactions-dev",
              "dev-airlock-247407"
            ]
          },
          "sensitive_attributes": []
        }
      ]
    },
    {
      "mode": "managed",
      "type": "google_bigquery_dataset",
      "name": "dataset",
      "provider": "provider[\"registry.terraform.io/hashicorp/google\"]",
      "instances": [
        {
          "schema_version": 0,
          "attributes": {
            "access": [
              {
                "dataset": [],
                "domain": "",
                "group_by_email": "",
                "role": "OWNER",
                "routine": [],
                "special_group": "",
                "user_by_email": "mattia.zaffalon@gmail.com",
                "view": []
              },
              {
                "dataset": [],
                "domain": "",
                "group_by_email": "",
                "role": "OWNER",
                "routine": [],
                "special_group": "projectOwners",
                "user_by_email": "",
                "view": []
              },
              {
                "dataset": [],
                "domain": "",
                "group_by_email": "",
                "role": "READER",
                "routine": [],
                "special_group": "projectReaders",
                "user_by_email": "",
                "view": []
              },
              {
                "dataset": [],
                "domain": "",
                "group_by_email": "",
                "role": "WRITER",
                "routine": [],
                "special_group": "projectWriters",
                "user_by_email": "",
                "view": []
              }
            ],
            "creation_time": 1676987234412,
            "dataset_id": "dbt_bank_transactions",
            "default_encryption_configuration": [],
            "default_partition_expiration_ms": 5184000000,
            "default_table_expiration_ms": 3600000,
            "delete_contents_on_destroy": false,
            "description": "Dev dataset",
            "etag": "r8WCyaJ7H9ZKcsTAxB2dyg==",
            "friendly_name": "dbt_bank_transactions",
            "id": "projects/dbt-bank-transactions-dev/datasets/dbt_bank_transactions",
            "labels": {
              "env": "dev"
            },
            "last_modified_time": 1676987234412,
            "location": "europe-west6",
            "max_time_travel_hours": "",
            "project": "dbt-bank-transactions-dev",
            "self_link": "https://bigquery.googleapis.com/bigquery/v2/projects/dbt-bank-transactions-dev/datasets/dbt_bank_transactions",
            "timeouts": null
          },
          "sensitive_attributes": [],
          "private": "eyJlMmJmYjczMC1lY2FhLTExZTYtOGY4OC0zNDM2M2JjN2M0YzAiOnsiY3JlYXRlIjoxMjAwMDAwMDAwMDAwLCJkZWxldGUiOjEyMDAwMDAwMDAwMDAsInVwZGF0ZSI6MTIwMDAwMDAwMDAwMH19"
        }
      ]
    },
    {
      "mode": "managed",
      "type": "google_project",
      "name": "dbt-bank-transactions-dev",
      "provider": "provider[\"registry.terraform.io/hashicorp/google\"]",
      "instances": [
        {
          "schema_version": 1,
          "attributes": {
            "auto_create_network": true,
            "billing_account": "01008B-864FBC-49390E",
            "folder_id": null,
            "id": "projects/dbt-bank-transactions-dev",
            "labels": {},
            "name": "dbt-bank-transactions-dev",
            "number": "241151063489",
            "org_id": null,
            "project_id": "dbt-bank-transactions-dev",
            "skip_delete": null,
            "timeouts": null
          },
          "sensitive_attributes": [],
          "private": "eyJlMmJmYjczMC1lY2FhLTExZTYtOGY4OC0zNDM2M2JjN2M0YzAiOnsiY3JlYXRlIjo2MDAwMDAwMDAwMDAsImRlbGV0ZSI6NjAwMDAwMDAwMDAwLCJyZWFkIjo2MDAwMDAwMDAwMDAsInVwZGF0ZSI6NjAwMDAwMDAwMDAwfSwic2NoZW1hX3ZlcnNpb24iOiIxIn0=",
          "dependencies": [
            "data.google_billing_account.acct"
          ]
        }
      ]
    },
    {
      "mode": "managed",
      "type": "google_project_iam_member",
      "name": "bigquery_editor",
      "provider": "provider[\"registry.terraform.io/hashicorp/google\"]",
      "instances": [
        {
          "schema_version": 0,
          "attributes": {
            "condition": [],
            "etag": "BwX1R2lQLeo=",
            "id": "projects/dbt-bank-transactions-dev/roles/bigquery.dataEditor/serviceAccount:dev-local@dbt-bank-transactions-dev.iam.gserviceaccount.com",
            "member": "serviceAccount:dev-local@dbt-bank-transactions-dev.iam.gserviceaccount.com",
            "project": "projects/dbt-bank-transactions-dev",
            "role": "roles/bigquery.dataEditor"
          },
          "sensitive_attributes": [],
          "private": "bnVsbA==",
          "dependencies": [
            "google_project.dbt-bank-transactions-dev",
            "google_service_account.dev-local"
          ]
        }
      ]
    },
    {
      "mode": "managed",
      "type": "google_project_iam_member",
      "name": "storage_admin",
      "provider": "provider[\"registry.terraform.io/hashicorp/google\"]",
      "instances": [
        {
          "schema_version": 0,
          "attributes": {
            "condition": [],
            "etag": "BwX1R2lQLeo=",
            "id": "projects/dbt-bank-transactions-dev/roles/storage.admin/serviceAccount:dev-local@dbt-bank-transactions-dev.iam.gserviceaccount.com",
            "member": "serviceAccount:dev-local@dbt-bank-transactions-dev.iam.gserviceaccount.com",
            "project": "projects/dbt-bank-transactions-dev",
            "role": "roles/storage.admin"
          },
          "sensitive_attributes": [],
          "private": "bnVsbA==",
          "dependencies": [
            "google_project.dbt-bank-transactions-dev",
            "google_service_account.dev-local"
          ]
        }
      ]
    },
    {
      "mode": "managed",
      "type": "google_project_service",
      "name": "project",
      "provider": "provider[\"registry.terraform.io/hashicorp/google\"]",
      "instances": [
        {
          "schema_version": 0,
          "attributes": {
            "disable_dependent_services": true,
            "disable_on_destroy": true,
            "id": "dbt-bank-transactions-dev/bigquery.googleapis.com",
            "project": "dbt-bank-transactions-dev",
            "service": "bigquery.googleapis.com",
            "timeouts": {
              "create": "30m",
              "delete": null,
              "read": null,
              "update": "40m"
            }
          },
          "sensitive_attributes": [],
          "private": "eyJlMmJmYjczMC1lY2FhLTExZTYtOGY4OC0zNDM2M2JjN2M0YzAiOnsiY3JlYXRlIjoxODAwMDAwMDAwMDAwLCJkZWxldGUiOjEyMDAwMDAwMDAwMDAsInJlYWQiOjYwMDAwMDAwMDAwMCwidXBkYXRlIjoyNDAwMDAwMDAwMDAwfX0="
        }
      ]
    },
    {
      "mode": "managed",
      "type": "google_service_account",
      "name": "dev-local",
      "provider": "provider[\"registry.terraform.io/hashicorp/google\"]",
      "instances": [
        {
          "schema_version": 0,
          "attributes": {
            "account_id": "dev-local",
            "description": "",
            "disabled": false,
            "display_name": "SA to be used to launch pipeline from the local environment",
            "email": "dev-local@dbt-bank-transactions-dev.iam.gserviceaccount.com",
            "id": "projects/dbt-bank-transactions-dev/serviceAccounts/dev-local@dbt-bank-transactions-dev.iam.gserviceaccount.com",
            "member": "serviceAccount:dev-local@dbt-bank-transactions-dev.iam.gserviceaccount.com",
            "name": "projects/dbt-bank-transactions-dev/serviceAccounts/dev-local@dbt-bank-transactions-dev.iam.gserviceaccount.com",
            "project": "dbt-bank-transactions-dev",
            "timeouts": null,
            "unique_id": "116051785251604040335"
          },
          "sensitive_attributes": [],
          "private": "eyJlMmJmYjczMC1lY2FhLTExZTYtOGY4OC0zNDM2M2JjN2M0YzAiOnsiY3JlYXRlIjozMDAwMDAwMDAwMDB9fQ=="
        }
      ]
    },
    {
      "mode": "managed",
      "type": "google_storage_bucket",
      "name": "bank-exports",
      "provider": "provider[\"registry.terraform.io/hashicorp/google\"]",
      "instances": [
        {
          "schema_version": 0,
          "attributes": {
            "autoclass": [],
            "cors": [],
            "custom_placement_config": [],
            "default_event_based_hold": false,
            "encryption": [],
            "force_destroy": true,
            "id": "bank-exports-dev",
            "labels": {},
            "lifecycle_rule": [],
            "location": "EUROPE-WEST6",
            "logging": [],
            "name": "bank-exports-dev",
            "project": "dbt-bank-transactions-dev",
            "public_access_prevention": "inherited",
            "requester_pays": false,
            "retention_policy": [],
            "self_link": "https://www.googleapis.com/storage/v1/b/bank-exports-dev",
            "storage_class": "STANDARD",
            "timeouts": null,
            "uniform_bucket_level_access": true,
            "url": "gs://bank-exports-dev",
            "versioning": [],
            "website": []
          },
          "sensitive_attributes": [],
          "private": "eyJlMmJmYjczMC1lY2FhLTExZTYtOGY4OC0zNDM2M2JjN2M0YzAiOnsiY3JlYXRlIjoyNDAwMDAwMDAwMDAsInJlYWQiOjI0MDAwMDAwMDAwMCwidXBkYXRlIjoyNDAwMDAwMDAwMDB9fQ=="
        }
      ]
    }
  ],
  "check_results": null
}
